
Microsoft Visual Studio Solution File, Format Version 12.00
# Visual Studio Version 17
VisualStudioVersion = 17.7.34018.315
MinimumVisualStudioVersion = 10.0.40219.1
Project("{FAE04EC0-301F-11D3-BF4B-00C04F79EFBC}") = "CinemaProblem", "CinemaProblem.csproj", "{9A1E8A7F-77D3-4BBF-9059-0C788424D25D}"
EndProject
Global
	GlobalSection(SolutionConfigurationPlatforms) = preSolution
		Debug|Any CPU = Debug|Any CPU
		Release|Any CPU = Release|Any CPU
	EndGlobalSection
	GlobalSection(ProjectConfigurationPlatforms) = postSolution
		{9A1E8A7F-77D3-4BBF-9059-0C788424D25D}.Debug|Any CPU.ActiveCfg = Debug|Any CPU
		{9A1E8A7F-77D3-4BBF-9059-0C788424D25D}.Debug|Any CPU.Build.0 = Debug|Any CPU
		{9A1E8A7F-77D3-4BBF-9059-0C788424D25D}.Release|Any CPU.ActiveCfg = Release|Any CPU
		{9A1E8A7F-77D3-4BBF-9059-0C788424D25D}.Release|Any CPU.Build.0 = Release|Any CPU
	EndGlobalSection
	GlobalSection(SolutionProperties) = preSolution
		HideSolutionNode = FALSE
	EndGlobalSection
	GlobalSection(ExtensibilityGlobals) = postSolution
		SolutionGuid = {C0B63B2A-956B-44A9-AA76-6DBE911548AF}
	EndGlobalSection
EndGlobal
