
Microsoft Visual Studio Solution File, Format Version 12.00
# Visual Studio Version 17
VisualStudioVersion = 17.6.33717.318
MinimumVisualStudioVersion = 10.0.40219.1
Project("{FAE04EC0-301F-11D3-BF4B-00C04F79EFBC}") = "MyPracticeConsoleApplication", "MyPracticeConsoleApplication.csproj", "{0D6DB2DC-4D6A-41B5-8CAF-8B85D4CD86AC}"
EndProject
Global
	GlobalSection(SolutionConfigurationPlatforms) = preSolution
		Debug|Any CPU = Debug|Any CPU
		Release|Any CPU = Release|Any CPU
	EndGlobalSection
	GlobalSection(ProjectConfigurationPlatforms) = postSolution
		{0D6DB2DC-4D6A-41B5-8CAF-8B85D4CD86AC}.Debug|Any CPU.ActiveCfg = Debug|Any CPU
		{0D6DB2DC-4D6A-41B5-8CAF-8B85D4CD86AC}.Debug|Any CPU.Build.0 = Debug|Any CPU
		{0D6DB2DC-4D6A-41B5-8CAF-8B85D4CD86AC}.Release|Any CPU.ActiveCfg = Release|Any CPU
		{0D6DB2DC-4D6A-41B5-8CAF-8B85D4CD86AC}.Release|Any CPU.Build.0 = Release|Any CPU
	EndGlobalSection
	GlobalSection(SolutionProperties) = preSolution
		HideSolutionNode = FALSE
	EndGlobalSection
	GlobalSection(ExtensibilityGlobals) = postSolution
		SolutionGuid = {AC9D886E-52DE-4F0C-85E5-E26FD0115282}
	EndGlobalSection
EndGlobal
