
Microsoft Visual Studio Solution File, Format Version 12.00
# Visual Studio Version 17
VisualStudioVersion = 17.7.34018.315
MinimumVisualStudioVersion = 10.0.40219.1
Project("{FAE04EC0-301F-11D3-BF4B-00C04F79EFBC}") = "MetaGlazing", "MetaGlazing.csproj", "{7EFE0998-979C-4AD2-BC99-32AEBEF7061D}"
EndProject
Global
	GlobalSection(SolutionConfigurationPlatforms) = preSolution
		Debug|Any CPU = Debug|Any CPU
		Release|Any CPU = Release|Any CPU
	EndGlobalSection
	GlobalSection(ProjectConfigurationPlatforms) = postSolution
		{7EFE0998-979C-4AD2-BC99-32AEBEF7061D}.Debug|Any CPU.ActiveCfg = Debug|Any CPU
		{7EFE0998-979C-4AD2-BC99-32AEBEF7061D}.Debug|Any CPU.Build.0 = Debug|Any CPU
		{7EFE0998-979C-4AD2-BC99-32AEBEF7061D}.Release|Any CPU.ActiveCfg = Release|Any CPU
		{7EFE0998-979C-4AD2-BC99-32AEBEF7061D}.Release|Any CPU.Build.0 = Release|Any CPU
	EndGlobalSection
	GlobalSection(SolutionProperties) = preSolution
		HideSolutionNode = FALSE
	EndGlobalSection
	GlobalSection(ExtensibilityGlobals) = postSolution
		SolutionGuid = {B2965330-A38F-4AE4-B7AF-E80D6437712B}
	EndGlobalSection
EndGlobal
