
Microsoft Visual Studio Solution File, Format Version 12.00
# Visual Studio Version 17
VisualStudioVersion = 17.6.33717.318
MinimumVisualStudioVersion = 10.0.40219.1
Project("{FAE04EC0-301F-11D3-BF4B-00C04F79EFBC}") = "ConsoleApplication2", "ConsoleApplication2.csproj", "{00C52784-4B66-42D6-975D-1250EFC3A346}"
EndProject
Global
	GlobalSection(SolutionConfigurationPlatforms) = preSolution
		Debug|Any CPU = Debug|Any CPU
		Release|Any CPU = Release|Any CPU
	EndGlobalSection
	GlobalSection(ProjectConfigurationPlatforms) = postSolution
		{00C52784-4B66-42D6-975D-1250EFC3A346}.Debug|Any CPU.ActiveCfg = Debug|Any CPU
		{00C52784-4B66-42D6-975D-1250EFC3A346}.Debug|Any CPU.Build.0 = Debug|Any CPU
		{00C52784-4B66-42D6-975D-1250EFC3A346}.Release|Any CPU.ActiveCfg = Release|Any CPU
		{00C52784-4B66-42D6-975D-1250EFC3A346}.Release|Any CPU.Build.0 = Release|Any CPU
	EndGlobalSection
	GlobalSection(SolutionProperties) = preSolution
		HideSolutionNode = FALSE
	EndGlobalSection
	GlobalSection(ExtensibilityGlobals) = postSolution
		SolutionGuid = {0CB4F65E-38AC-4D8B-81DB-DE66295F767C}
	EndGlobalSection
EndGlobal
